
Microsoft Visual Studio Solution File, Format Version 12.00
# Visual Studio Version 17
VisualStudioVersion = 17.2.32630.192
MinimumVisualStudioVersion = 10.0.40219.1
Project("{FAE04EC0-301F-11D3-BF4B-00C04F79EFBC}") = "UserValidation", "UserValidation\UserValidation.csproj", "{64D30DB4-966A-4F23-B45D-D6E1EFBACF17}"
EndProject
Project("{FAE04EC0-301F-11D3-BF4B-00C04F79EFBC}") = "TestUser", "TestProject1\TestUser.csproj", "{A4EDD40F-1690-4F8D-BED3-2862F3DC3C14}"
EndProject
Global
	GlobalSection(SolutionConfigurationPlatforms) = preSolution
		Debug|Any CPU = Debug|Any CPU
		Release|Any CPU = Release|Any CPU
	EndGlobalSection
	GlobalSection(ProjectConfigurationPlatforms) = postSolution
		{64D30DB4-966A-4F23-B45D-D6E1EFBACF17}.Debug|Any CPU.ActiveCfg = Debug|Any CPU
		{64D30DB4-966A-4F23-B45D-D6E1EFBACF17}.Debug|Any CPU.Build.0 = Debug|Any CPU
		{64D30DB4-966A-4F23-B45D-D6E1EFBACF17}.Release|Any CPU.ActiveCfg = Release|Any CPU
		{64D30DB4-966A-4F23-B45D-D6E1EFBACF17}.Release|Any CPU.Build.0 = Release|Any CPU
		{A4EDD40F-1690-4F8D-BED3-2862F3DC3C14}.Debug|Any CPU.ActiveCfg = Debug|Any CPU
		{A4EDD40F-1690-4F8D-BED3-2862F3DC3C14}.Debug|Any CPU.Build.0 = Debug|Any CPU
		{A4EDD40F-1690-4F8D-BED3-2862F3DC3C14}.Release|Any CPU.ActiveCfg = Release|Any CPU
		{A4EDD40F-1690-4F8D-BED3-2862F3DC3C14}.Release|Any CPU.Build.0 = Release|Any CPU
	EndGlobalSection
	GlobalSection(SolutionProperties) = preSolution
		HideSolutionNode = FALSE
	EndGlobalSection
	GlobalSection(ExtensibilityGlobals) = postSolution
		SolutionGuid = {5CA494B5-1984-469D-8044-2B0F8A2EEF92}
	EndGlobalSection
EndGlobal
